
Microsoft Visual Studio Solution File, Format Version 12.00
# Visual Studio Version 17
VisualStudioVersion = 17.5.002.0
MinimumVisualStudioVersion = 10.0.40219.1
Project("{9A19103F-16F7-4668-BE54-9A1E7A4F7556}") = "Atividade", "Atividade.csproj", "{B4622F6A-0F95-4C70-A185-E71485F2730E}"
EndProject
Global
	GlobalSection(SolutionConfigurationPlatforms) = preSolution
		Debug|Any CPU = Debug|Any CPU
		Release|Any CPU = Release|Any CPU
	EndGlobalSection
	GlobalSection(ProjectConfigurationPlatforms) = postSolution
		{B4622F6A-0F95-4C70-A185-E71485F2730E}.Debug|Any CPU.ActiveCfg = Debug|Any CPU
		{B4622F6A-0F95-4C70-A185-E71485F2730E}.Debug|Any CPU.Build.0 = Debug|Any CPU
		{B4622F6A-0F95-4C70-A185-E71485F2730E}.Release|Any CPU.ActiveCfg = Release|Any CPU
		{B4622F6A-0F95-4C70-A185-E71485F2730E}.Release|Any CPU.Build.0 = Release|Any CPU
	EndGlobalSection
	GlobalSection(SolutionProperties) = preSolution
		HideSolutionNode = FALSE
	EndGlobalSection
	GlobalSection(ExtensibilityGlobals) = postSolution
		SolutionGuid = {2A8F69C3-FE9B-4935-95B4-E983DBDBA5C9}
	EndGlobalSection
EndGlobal
